
Microsoft Visual Studio Solution File, Format Version 12.00
# Visual Studio 15
VisualStudioVersion = 15.0.28010.2003
MinimumVisualStudioVersion = 10.0.40219.1
Project("{8BC9CEB8-8B4A-11D0-8D11-00A0C91BC942}") = "PP01.Hello.SDL", "PP01.Hello.SDL\PP01.Hello.SDL.vcxproj", "{532B6146-E0A9-48D6-A29D-9C21021E3B92}"
EndProject
Project("{8BC9CEB8-8B4A-11D0-8D11-00A0C91BC942}") = "PP02.BreakUpHelloSDL", "PP02.BreakUpHelloSDL\PP02.BreakUpHelloSDL.vcxproj", "{A7BAE887-9443-4469-8B2D-4AC3C03B70A2}"
EndProject
Project("{8BC9CEB8-8B4A-11D0-8D11-00A0C91BC942}") = "PP03.GameClass", "PP03.GameClass\PP03.GameClass.vcxproj", "{2C1D8854-7FEC-47E2-8C59-199DA114179F}"
EndProject
Project("{8BC9CEB8-8B4A-11D0-8D11-00A0C91BC942}") = "PP04.BasicDrawing", "PP04.BasicDrawing\PP04.BasicDrawing.vcxproj", "{D2646091-BBC0-43CB-A775-4792CBD24C1B}"
EndProject
Project("{8BC9CEB8-8B4A-11D0-8D11-00A0C91BC942}") = "PP05.AnimatingSprite", "PP05\PP05.vcxproj", "{460692DC-F102-41E2-A8EF-82C0738B0E83}"
EndProject
Project("{8BC9CEB8-8B4A-11D0-8D11-00A0C91BC942}") = "PP06.ImageSprite", "PP06.ImageSprite\PP06.ImageSprite.vcxproj", "{3D29BFDC-F108-4B42-BC6D-E38214F99996}"
EndProject
Project("{8BC9CEB8-8B4A-11D0-8D11-00A0C91BC942}") = "VeryLongWord", "VeryLongWord\VeryLongWord.vcxproj", "{271CD5A5-E6DF-4E75-A96B-8542497600E7}"
EndProject
Project("{8BC9CEB8-8B4A-11D0-8D11-00A0C91BC942}") = "MiniProject", "MiniProject\MiniProject.vcxproj", "{B4229B45-02C6-4706-8B62-56AB7B185D66}"
EndProject
Project("{8BC9CEB8-8B4A-11D0-8D11-00A0C91BC942}") = "PP07.TextureManager", "PP07.TextureManager\PP07.TextureManager.vcxproj", "{2F9FD390-1423-4108-BE7C-F0191FF28A2B}"
EndProject
Project("{8BC9CEB8-8B4A-11D0-8D11-00A0C91BC942}") = "PP08.SingletonTM", "PP08.SingletonTM\PP08.SingletonTM.vcxproj", "{3C395FBA-1B6F-44CC-9F17-49701A6FC89D}"
EndProject
Global
	GlobalSection(SolutionConfigurationPlatforms) = preSolution
		Debug|x64 = Debug|x64
		Debug|x86 = Debug|x86
		Release|x64 = Release|x64
		Release|x86 = Release|x86
	EndGlobalSection
	GlobalSection(ProjectConfigurationPlatforms) = postSolution
		{532B6146-E0A9-48D6-A29D-9C21021E3B92}.Debug|x64.ActiveCfg = Debug|x64
		{532B6146-E0A9-48D6-A29D-9C21021E3B92}.Debug|x64.Build.0 = Debug|x64
		{532B6146-E0A9-48D6-A29D-9C21021E3B92}.Debug|x86.ActiveCfg = Debug|Win32
		{532B6146-E0A9-48D6-A29D-9C21021E3B92}.Debug|x86.Build.0 = Debug|Win32
		{532B6146-E0A9-48D6-A29D-9C21021E3B92}.Release|x64.ActiveCfg = Release|x64
		{532B6146-E0A9-48D6-A29D-9C21021E3B92}.Release|x64.Build.0 = Release|x64
		{532B6146-E0A9-48D6-A29D-9C21021E3B92}.Release|x86.ActiveCfg = Release|Win32
		{532B6146-E0A9-48D6-A29D-9C21021E3B92}.Release|x86.Build.0 = Release|Win32
		{A7BAE887-9443-4469-8B2D-4AC3C03B70A2}.Debug|x64.ActiveCfg = Debug|x64
		{A7BAE887-9443-4469-8B2D-4AC3C03B70A2}.Debug|x64.Build.0 = Debug|x64
		{A7BAE887-9443-4469-8B2D-4AC3C03B70A2}.Debug|x86.ActiveCfg = Debug|Win32
		{A7BAE887-9443-4469-8B2D-4AC3C03B70A2}.Debug|x86.Build.0 = Debug|Win32
		{A7BAE887-9443-4469-8B2D-4AC3C03B70A2}.Release|x64.ActiveCfg = Release|x64
		{A7BAE887-9443-4469-8B2D-4AC3C03B70A2}.Release|x64.Build.0 = Release|x64
		{A7BAE887-9443-4469-8B2D-4AC3C03B70A2}.Release|x86.ActiveCfg = Release|Win32
		{A7BAE887-9443-4469-8B2D-4AC3C03B70A2}.Release|x86.Build.0 = Release|Win32
		{2C1D8854-7FEC-47E2-8C59-199DA114179F}.Debug|x64.ActiveCfg = Debug|x64
		{2C1D8854-7FEC-47E2-8C59-199DA114179F}.Debug|x64.Build.0 = Debug|x64
		{2C1D8854-7FEC-47E2-8C59-199DA114179F}.Debug|x86.ActiveCfg = Debug|Win32
		{2C1D8854-7FEC-47E2-8C59-199DA114179F}.Debug|x86.Build.0 = Debug|Win32
		{2C1D8854-7FEC-47E2-8C59-199DA114179F}.Release|x64.ActiveCfg = Release|x64
		{2C1D8854-7FEC-47E2-8C59-199DA114179F}.Release|x64.Build.0 = Release|x64
		{2C1D8854-7FEC-47E2-8C59-199DA114179F}.Release|x86.ActiveCfg = Release|Win32
		{2C1D8854-7FEC-47E2-8C59-199DA114179F}.Release|x86.Build.0 = Release|Win32
		{D2646091-BBC0-43CB-A775-4792CBD24C1B}.Debug|x64.ActiveCfg = Debug|x64
		{D2646091-BBC0-43CB-A775-4792CBD24C1B}.Debug|x64.Build.0 = Debug|x64
		{D2646091-BBC0-43CB-A775-4792CBD24C1B}.Debug|x86.ActiveCfg = Debug|Win32
		{D2646091-BBC0-43CB-A775-4792CBD24C1B}.Debug|x86.Build.0 = Debug|Win32
		{D2646091-BBC0-43CB-A775-4792CBD24C1B}.Release|x64.ActiveCfg = Release|x64
		{D2646091-BBC0-43CB-A775-4792CBD24C1B}.Release|x64.Build.0 = Release|x64
		{D2646091-BBC0-43CB-A775-4792CBD24C1B}.Release|x86.ActiveCfg = Release|Win32
		{D2646091-BBC0-43CB-A775-4792CBD24C1B}.Release|x86.Build.0 = Release|Win32
		{460692DC-F102-41E2-A8EF-82C0738B0E83}.Debug|x64.ActiveCfg = Debug|x64
		{460692DC-F102-41E2-A8EF-82C0738B0E83}.Debug|x64.Build.0 = Debug|x64
		{460692DC-F102-41E2-A8EF-82C0738B0E83}.Debug|x86.ActiveCfg = Debug|Win32
		{460692DC-F102-41E2-A8EF-82C0738B0E83}.Debug|x86.Build.0 = Debug|Win32
		{460692DC-F102-41E2-A8EF-82C0738B0E83}.Release|x64.ActiveCfg = Release|x64
		{460692DC-F102-41E2-A8EF-82C0738B0E83}.Release|x64.Build.0 = Release|x64
		{460692DC-F102-41E2-A8EF-82C0738B0E83}.Release|x86.ActiveCfg = Release|Win32
		{460692DC-F102-41E2-A8EF-82C0738B0E83}.Release|x86.Build.0 = Release|Win32
		{3D29BFDC-F108-4B42-BC6D-E38214F99996}.Debug|x64.ActiveCfg = Debug|x64
		{3D29BFDC-F108-4B42-BC6D-E38214F99996}.Debug|x64.Build.0 = Debug|x64
		{3D29BFDC-F108-4B42-BC6D-E38214F99996}.Debug|x86.ActiveCfg = Debug|Win32
		{3D29BFDC-F108-4B42-BC6D-E38214F99996}.Debug|x86.Build.0 = Debug|Win32
		{3D29BFDC-F108-4B42-BC6D-E38214F99996}.Release|x64.ActiveCfg = Release|x64
		{3D29BFDC-F108-4B42-BC6D-E38214F99996}.Release|x64.Build.0 = Release|x64
		{3D29BFDC-F108-4B42-BC6D-E38214F99996}.Release|x86.ActiveCfg = Release|Win32
		{3D29BFDC-F108-4B42-BC6D-E38214F99996}.Release|x86.Build.0 = Release|Win32
		{271CD5A5-E6DF-4E75-A96B-8542497600E7}.Debug|x64.ActiveCfg = Debug|x64
		{271CD5A5-E6DF-4E75-A96B-8542497600E7}.Debug|x64.Build.0 = Debug|x64
		{271CD5A5-E6DF-4E75-A96B-8542497600E7}.Debug|x86.ActiveCfg = Debug|Win32
		{271CD5A5-E6DF-4E75-A96B-8542497600E7}.Debug|x86.Build.0 = Debug|Win32
		{271CD5A5-E6DF-4E75-A96B-8542497600E7}.Release|x64.ActiveCfg = Release|x64
		{271CD5A5-E6DF-4E75-A96B-8542497600E7}.Release|x64.Build.0 = Release|x64
		{271CD5A5-E6DF-4E75-A96B-8542497600E7}.Release|x86.ActiveCfg = Release|Win32
		{271CD5A5-E6DF-4E75-A96B-8542497600E7}.Release|x86.Build.0 = Release|Win32
		{B4229B45-02C6-4706-8B62-56AB7B185D66}.Debug|x64.ActiveCfg = Debug|x64
		{B4229B45-02C6-4706-8B62-56AB7B185D66}.Debug|x64.Build.0 = Debug|x64
		{B4229B45-02C6-4706-8B62-56AB7B185D66}.Debug|x86.ActiveCfg = Debug|Win32
		{B4229B45-02C6-4706-8B62-56AB7B185D66}.Debug|x86.Build.0 = Debug|Win32
		{B4229B45-02C6-4706-8B62-56AB7B185D66}.Release|x64.ActiveCfg = Release|x64
		{B4229B45-02C6-4706-8B62-56AB7B185D66}.Release|x64.Build.0 = Release|x64
		{B4229B45-02C6-4706-8B62-56AB7B185D66}.Release|x86.ActiveCfg = Release|Win32
		{B4229B45-02C6-4706-8B62-56AB7B185D66}.Release|x86.Build.0 = Release|Win32
		{2F9FD390-1423-4108-BE7C-F0191FF28A2B}.Debug|x64.ActiveCfg = Debug|x64
		{2F9FD390-1423-4108-BE7C-F0191FF28A2B}.Debug|x64.Build.0 = Debug|x64
		{2F9FD390-1423-4108-BE7C-F0191FF28A2B}.Debug|x86.ActiveCfg = Debug|Win32
		{2F9FD390-1423-4108-BE7C-F0191FF28A2B}.Debug|x86.Build.0 = Debug|Win32
		{2F9FD390-1423-4108-BE7C-F0191FF28A2B}.Release|x64.ActiveCfg = Release|x64
		{2F9FD390-1423-4108-BE7C-F0191FF28A2B}.Release|x64.Build.0 = Release|x64
		{2F9FD390-1423-4108-BE7C-F0191FF28A2B}.Release|x86.ActiveCfg = Release|Win32
		{2F9FD390-1423-4108-BE7C-F0191FF28A2B}.Release|x86.Build.0 = Release|Win32
		{3C395FBA-1B6F-44CC-9F17-49701A6FC89D}.Debug|x64.ActiveCfg = Debug|x64
		{3C395FBA-1B6F-44CC-9F17-49701A6FC89D}.Debug|x64.Build.0 = Debug|x64
		{3C395FBA-1B6F-44CC-9F17-49701A6FC89D}.Debug|x86.ActiveCfg = Debug|Win32
		{3C395FBA-1B6F-44CC-9F17-49701A6FC89D}.Debug|x86.Build.0 = Debug|Win32
		{3C395FBA-1B6F-44CC-9F17-49701A6FC89D}.Release|x64.ActiveCfg = Release|x64
		{3C395FBA-1B6F-44CC-9F17-49701A6FC89D}.Release|x64.Build.0 = Release|x64
		{3C395FBA-1B6F-44CC-9F17-49701A6FC89D}.Release|x86.ActiveCfg = Release|Win32
		{3C395FBA-1B6F-44CC-9F17-49701A6FC89D}.Release|x86.Build.0 = Release|Win32
	EndGlobalSection
	GlobalSection(SolutionProperties) = preSolution
		HideSolutionNode = FALSE
	EndGlobalSection
	GlobalSection(ExtensibilityGlobals) = postSolution
		SolutionGuid = {1CCBF7AC-E4C2-4343-8BFD-57F5FCA99220}
	EndGlobalSection
EndGlobal
