
Microsoft Visual Studio Solution File, Format Version 12.00
# Visual Studio 15
VisualStudioVersion = 15.0.28010.2003
MinimumVisualStudioVersion = 10.0.40219.1
Project("{8BC9CEB8-8B4A-11D0-8D11-00A0C91BC942}") = "PP01.Hello.SDL", "PP01.Hello.SDL\PP01.Hello.SDL.vcxproj", "{532B6146-E0A9-48D6-A29D-9C21021E3B92}"
EndProject
Project("{8BC9CEB8-8B4A-11D0-8D11-00A0C91BC942}") = "PP02.BreakUpHelloSDL", "PP02.BreakUpHelloSDL\PP02.BreakUpHelloSDL.vcxproj", "{A7BAE887-9443-4469-8B2D-4AC3C03B70A2}"
EndProject
Project("{8BC9CEB8-8B4A-11D0-8D11-00A0C91BC942}") = "PP03.GameClass", "PP03.GameClass\PP03.GameClass.vcxproj", "{2C1D8854-7FEC-47E2-8C59-199DA114179F}"
EndProject
Project("{8BC9CEB8-8B4A-11D0-8D11-00A0C91BC942}") = "PP04.BasicDrawing", "PP04.BasicDrawing\PP04.BasicDrawing.vcxproj", "{D2646091-BBC0-43CB-A775-4792CBD24C1B}"
EndProject
Global
	GlobalSection(SolutionConfigurationPlatforms) = preSolution
		Debug|x64 = Debug|x64
		Debug|x86 = Debug|x86
		Release|x64 = Release|x64
		Release|x86 = Release|x86
	EndGlobalSection
	GlobalSection(ProjectConfigurationPlatforms) = postSolution
		{532B6146-E0A9-48D6-A29D-9C21021E3B92}.Debug|x64.ActiveCfg = Debug|x64
		{532B6146-E0A9-48D6-A29D-9C21021E3B92}.Debug|x64.Build.0 = Debug|x64
		{532B6146-E0A9-48D6-A29D-9C21021E3B92}.Debug|x86.ActiveCfg = Debug|Win32
		{532B6146-E0A9-48D6-A29D-9C21021E3B92}.Debug|x86.Build.0 = Debug|Win32
		{532B6146-E0A9-48D6-A29D-9C21021E3B92}.Release|x64.ActiveCfg = Release|x64
		{532B6146-E0A9-48D6-A29D-9C21021E3B92}.Release|x64.Build.0 = Release|x64
		{532B6146-E0A9-48D6-A29D-9C21021E3B92}.Release|x86.ActiveCfg = Release|Win32
		{532B6146-E0A9-48D6-A29D-9C21021E3B92}.Release|x86.Build.0 = Release|Win32
		{A7BAE887-9443-4469-8B2D-4AC3C03B70A2}.Debug|x64.ActiveCfg = Debug|x64
		{A7BAE887-9443-4469-8B2D-4AC3C03B70A2}.Debug|x64.Build.0 = Debug|x64
		{A7BAE887-9443-4469-8B2D-4AC3C03B70A2}.Debug|x86.ActiveCfg = Debug|Win32
		{A7BAE887-9443-4469-8B2D-4AC3C03B70A2}.Debug|x86.Build.0 = Debug|Win32
		{A7BAE887-9443-4469-8B2D-4AC3C03B70A2}.Release|x64.ActiveCfg = Release|x64
		{A7BAE887-9443-4469-8B2D-4AC3C03B70A2}.Release|x64.Build.0 = Release|x64
		{A7BAE887-9443-4469-8B2D-4AC3C03B70A2}.Release|x86.ActiveCfg = Release|Win32
		{A7BAE887-9443-4469-8B2D-4AC3C03B70A2}.Release|x86.Build.0 = Release|Win32
		{2C1D8854-7FEC-47E2-8C59-199DA114179F}.Debug|x64.ActiveCfg = Debug|x64
		{2C1D8854-7FEC-47E2-8C59-199DA114179F}.Debug|x64.Build.0 = Debug|x64
		{2C1D8854-7FEC-47E2-8C59-199DA114179F}.Debug|x86.ActiveCfg = Debug|Win32
		{2C1D8854-7FEC-47E2-8C59-199DA114179F}.Debug|x86.Build.0 = Debug|Win32
		{2C1D8854-7FEC-47E2-8C59-199DA114179F}.Release|x64.ActiveCfg = Release|x64
		{2C1D8854-7FEC-47E2-8C59-199DA114179F}.Release|x64.Build.0 = Release|x64
		{2C1D8854-7FEC-47E2-8C59-199DA114179F}.Release|x86.ActiveCfg = Release|Win32
		{2C1D8854-7FEC-47E2-8C59-199DA114179F}.Release|x86.Build.0 = Release|Win32
		{D2646091-BBC0-43CB-A775-4792CBD24C1B}.Debug|x64.ActiveCfg = Debug|x64
		{D2646091-BBC0-43CB-A775-4792CBD24C1B}.Debug|x64.Build.0 = Debug|x64
		{D2646091-BBC0-43CB-A775-4792CBD24C1B}.Debug|x86.ActiveCfg = Debug|Win32
		{D2646091-BBC0-43CB-A775-4792CBD24C1B}.Debug|x86.Build.0 = Debug|Win32
		{D2646091-BBC0-43CB-A775-4792CBD24C1B}.Release|x64.ActiveCfg = Release|x64
		{D2646091-BBC0-43CB-A775-4792CBD24C1B}.Release|x64.Build.0 = Release|x64
		{D2646091-BBC0-43CB-A775-4792CBD24C1B}.Release|x86.ActiveCfg = Release|Win32
		{D2646091-BBC0-43CB-A775-4792CBD24C1B}.Release|x86.Build.0 = Release|Win32
	EndGlobalSection
	GlobalSection(SolutionProperties) = preSolution
		HideSolutionNode = FALSE
	EndGlobalSection
	GlobalSection(ExtensibilityGlobals) = postSolution
		SolutionGuid = {1CCBF7AC-E4C2-4343-8BFD-57F5FCA99220}
	EndGlobalSection
EndGlobal
