
Microsoft Visual Studio Solution File, Format Version 12.00
# Visual Studio 15
VisualStudioVersion = 15.0.28010.2003
MinimumVisualStudioVersion = 10.0.40219.1
Project("{8BC9CEB8-8B4A-11D0-8D11-00A0C91BC942}") = "PP02.BreakUpHelloSDL", "PP02.BreakUpHelloSDL\PP02.BreakUpHelloSDL.vcxproj", "{A7BAE887-9443-4469-8B2D-4AC3C03B70A2}"
EndProject
Project("{8BC9CEB8-8B4A-11D0-8D11-00A0C91BC942}") = "PP03.GameClass", "PP03.GameClass\PP03.GameClass.vcxproj", "{2C1D8854-7FEC-47E2-8C59-199DA114179F}"
EndProject
Project("{8BC9CEB8-8B4A-11D0-8D11-00A0C91BC942}") = "PP04.BasicDrawing", "PP04.BasicDrawing\PP04.BasicDrawing.vcxproj", "{D2646091-BBC0-43CB-A775-4792CBD24C1B}"
EndProject
Project("{8BC9CEB8-8B4A-11D0-8D11-00A0C91BC942}") = "PP05.AnimatingSprite", "PP05\PP05.vcxproj", "{460692DC-F102-41E2-A8EF-82C0738B0E83}"
EndProject
Project("{8BC9CEB8-8B4A-11D0-8D11-00A0C91BC942}") = "PP06.ImageSprite", "PP06.ImageSprite\PP06.ImageSprite.vcxproj", "{3D29BFDC-F108-4B42-BC6D-E38214F99996}"
EndProject
Project("{8BC9CEB8-8B4A-11D0-8D11-00A0C91BC942}") = "MiniProject", "MiniProject\MiniProject.vcxproj", "{B4229B45-02C6-4706-8B62-56AB7B185D66}"
EndProject
Project("{8BC9CEB8-8B4A-11D0-8D11-00A0C91BC942}") = "PP07.TextureManager", "PP07.TextureManager\PP07.TextureManager.vcxproj", "{2F9FD390-1423-4108-BE7C-F0191FF28A2B}"
EndProject
Project("{8BC9CEB8-8B4A-11D0-8D11-00A0C91BC942}") = "PP08.SingletonTM", "PP08.SingletonTM\PP08.SingletonTM.vcxproj", "{3C395FBA-1B6F-44CC-9F17-49701A6FC89D}"
EndProject
Project("{8BC9CEB8-8B4A-11D0-8D11-00A0C91BC942}") = "PP09.Inheritance", "PP09.Inheritance\PP09.Inheritance.vcxproj", "{84E7824D-C72C-4B84-B9CC-C7FC4C9BA461}"
EndProject
Project("{8BC9CEB8-8B4A-11D0-8D11-00A0C91BC942}") = "PP10.Polymorphism", "PP10.Polymorphism\PP10.Polymorphism.vcxproj", "{39C4636D-7AC5-45F6-A91F-CD58D136F929}"
EndProject
Project("{8BC9CEB8-8B4A-11D0-8D11-00A0C91BC942}") = "PP11.AbstractClass", "PP11.AbstractClass\PP11.AbstractClass.vcxproj", "{7252F3BB-35C8-4593-A613-29B14504583E}"
EndProject
Project("{8BC9CEB8-8B4A-11D0-8D11-00A0C91BC942}") = "PP12.Vector2D", "PP12.Vector2D\PP12.Vector2D.vcxproj", "{7D15E06E-2EBF-4D93-A93F-10C0AAC8DC9D}"
EndProject
Project("{8BC9CEB8-8B4A-11D0-8D11-00A0C91BC942}") = "PP13.KInputHandler", "PP13.KInputHandler\PP13.KInputHandler.vcxproj", "{6927DB71-C91D-4C5F-8727-8182B0D56586}"
EndProject
Project("{8BC9CEB8-8B4A-11D0-8D11-00A0C91BC942}") = "PP14.MInputHandler", "PP14.MInputHandler\PP14.MInputHandler.vcxproj", "{49F101BC-B10C-4536-933A-D8448115EF07}"
EndProject
Project("{8BC9CEB8-8B4A-11D0-8D11-00A0C91BC942}") = "PP15.FSM", "PP15.FSM\PP01.HelloSDL.vcxproj", "{BA2CDDBD-5ABB-42F5-B15A-9BF88E77C4B2}"
EndProject
Project("{2150E333-8FDC-42A3-9474-1A3956D46DE8}") = "Mini", "Mini", "{CD5ECBF8-A1A7-4364-BC34-484A8E065A13}"
EndProject
Project("{8BC9CEB8-8B4A-11D0-8D11-00A0C91BC942}") = "PP19.GameOverState", "PP19\PP01.HelloSDL.vcxproj", "{C0EF5E55-F9AF-4585-9FF2-54B376BBD1B8}"
EndProject
Global
	GlobalSection(SolutionConfigurationPlatforms) = preSolution
		Debug|x64 = Debug|x64
		Debug|x86 = Debug|x86
		Release|x64 = Release|x64
		Release|x86 = Release|x86
	EndGlobalSection
	GlobalSection(ProjectConfigurationPlatforms) = postSolution
		{A7BAE887-9443-4469-8B2D-4AC3C03B70A2}.Debug|x64.ActiveCfg = Debug|x64
		{A7BAE887-9443-4469-8B2D-4AC3C03B70A2}.Debug|x64.Build.0 = Debug|x64
		{A7BAE887-9443-4469-8B2D-4AC3C03B70A2}.Debug|x86.ActiveCfg = Debug|Win32
		{A7BAE887-9443-4469-8B2D-4AC3C03B70A2}.Debug|x86.Build.0 = Debug|Win32
		{A7BAE887-9443-4469-8B2D-4AC3C03B70A2}.Release|x64.ActiveCfg = Release|x64
		{A7BAE887-9443-4469-8B2D-4AC3C03B70A2}.Release|x64.Build.0 = Release|x64
		{A7BAE887-9443-4469-8B2D-4AC3C03B70A2}.Release|x86.ActiveCfg = Release|Win32
		{A7BAE887-9443-4469-8B2D-4AC3C03B70A2}.Release|x86.Build.0 = Release|Win32
		{2C1D8854-7FEC-47E2-8C59-199DA114179F}.Debug|x64.ActiveCfg = Debug|x64
		{2C1D8854-7FEC-47E2-8C59-199DA114179F}.Debug|x64.Build.0 = Debug|x64
		{2C1D8854-7FEC-47E2-8C59-199DA114179F}.Debug|x86.ActiveCfg = Debug|Win32
		{2C1D8854-7FEC-47E2-8C59-199DA114179F}.Debug|x86.Build.0 = Debug|Win32
		{2C1D8854-7FEC-47E2-8C59-199DA114179F}.Release|x64.ActiveCfg = Release|x64
		{2C1D8854-7FEC-47E2-8C59-199DA114179F}.Release|x64.Build.0 = Release|x64
		{2C1D8854-7FEC-47E2-8C59-199DA114179F}.Release|x86.ActiveCfg = Release|Win32
		{2C1D8854-7FEC-47E2-8C59-199DA114179F}.Release|x86.Build.0 = Release|Win32
		{D2646091-BBC0-43CB-A775-4792CBD24C1B}.Debug|x64.ActiveCfg = Debug|x64
		{D2646091-BBC0-43CB-A775-4792CBD24C1B}.Debug|x64.Build.0 = Debug|x64
		{D2646091-BBC0-43CB-A775-4792CBD24C1B}.Debug|x86.ActiveCfg = Debug|Win32
		{D2646091-BBC0-43CB-A775-4792CBD24C1B}.Debug|x86.Build.0 = Debug|Win32
		{D2646091-BBC0-43CB-A775-4792CBD24C1B}.Release|x64.ActiveCfg = Release|x64
		{D2646091-BBC0-43CB-A775-4792CBD24C1B}.Release|x64.Build.0 = Release|x64
		{D2646091-BBC0-43CB-A775-4792CBD24C1B}.Release|x86.ActiveCfg = Release|Win32
		{D2646091-BBC0-43CB-A775-4792CBD24C1B}.Release|x86.Build.0 = Release|Win32
		{460692DC-F102-41E2-A8EF-82C0738B0E83}.Debug|x64.ActiveCfg = Debug|x64
		{460692DC-F102-41E2-A8EF-82C0738B0E83}.Debug|x64.Build.0 = Debug|x64
		{460692DC-F102-41E2-A8EF-82C0738B0E83}.Debug|x86.ActiveCfg = Debug|Win32
		{460692DC-F102-41E2-A8EF-82C0738B0E83}.Debug|x86.Build.0 = Debug|Win32
		{460692DC-F102-41E2-A8EF-82C0738B0E83}.Release|x64.ActiveCfg = Release|x64
		{460692DC-F102-41E2-A8EF-82C0738B0E83}.Release|x64.Build.0 = Release|x64
		{460692DC-F102-41E2-A8EF-82C0738B0E83}.Release|x86.ActiveCfg = Release|Win32
		{460692DC-F102-41E2-A8EF-82C0738B0E83}.Release|x86.Build.0 = Release|Win32
		{3D29BFDC-F108-4B42-BC6D-E38214F99996}.Debug|x64.ActiveCfg = Debug|x64
		{3D29BFDC-F108-4B42-BC6D-E38214F99996}.Debug|x64.Build.0 = Debug|x64
		{3D29BFDC-F108-4B42-BC6D-E38214F99996}.Debug|x86.ActiveCfg = Debug|Win32
		{3D29BFDC-F108-4B42-BC6D-E38214F99996}.Debug|x86.Build.0 = Debug|Win32
		{3D29BFDC-F108-4B42-BC6D-E38214F99996}.Release|x64.ActiveCfg = Release|x64
		{3D29BFDC-F108-4B42-BC6D-E38214F99996}.Release|x64.Build.0 = Release|x64
		{3D29BFDC-F108-4B42-BC6D-E38214F99996}.Release|x86.ActiveCfg = Release|Win32
		{3D29BFDC-F108-4B42-BC6D-E38214F99996}.Release|x86.Build.0 = Release|Win32
		{B4229B45-02C6-4706-8B62-56AB7B185D66}.Debug|x64.ActiveCfg = Debug|x64
		{B4229B45-02C6-4706-8B62-56AB7B185D66}.Debug|x64.Build.0 = Debug|x64
		{B4229B45-02C6-4706-8B62-56AB7B185D66}.Debug|x86.ActiveCfg = Debug|Win32
		{B4229B45-02C6-4706-8B62-56AB7B185D66}.Debug|x86.Build.0 = Debug|Win32
		{B4229B45-02C6-4706-8B62-56AB7B185D66}.Release|x64.ActiveCfg = Release|x64
		{B4229B45-02C6-4706-8B62-56AB7B185D66}.Release|x64.Build.0 = Release|x64
		{B4229B45-02C6-4706-8B62-56AB7B185D66}.Release|x86.ActiveCfg = Release|Win32
		{B4229B45-02C6-4706-8B62-56AB7B185D66}.Release|x86.Build.0 = Release|Win32
		{2F9FD390-1423-4108-BE7C-F0191FF28A2B}.Debug|x64.ActiveCfg = Debug|x64
		{2F9FD390-1423-4108-BE7C-F0191FF28A2B}.Debug|x64.Build.0 = Debug|x64
		{2F9FD390-1423-4108-BE7C-F0191FF28A2B}.Debug|x86.ActiveCfg = Debug|Win32
		{2F9FD390-1423-4108-BE7C-F0191FF28A2B}.Debug|x86.Build.0 = Debug|Win32
		{2F9FD390-1423-4108-BE7C-F0191FF28A2B}.Release|x64.ActiveCfg = Release|x64
		{2F9FD390-1423-4108-BE7C-F0191FF28A2B}.Release|x64.Build.0 = Release|x64
		{2F9FD390-1423-4108-BE7C-F0191FF28A2B}.Release|x86.ActiveCfg = Release|Win32
		{2F9FD390-1423-4108-BE7C-F0191FF28A2B}.Release|x86.Build.0 = Release|Win32
		{3C395FBA-1B6F-44CC-9F17-49701A6FC89D}.Debug|x64.ActiveCfg = Debug|x64
		{3C395FBA-1B6F-44CC-9F17-49701A6FC89D}.Debug|x64.Build.0 = Debug|x64
		{3C395FBA-1B6F-44CC-9F17-49701A6FC89D}.Debug|x86.ActiveCfg = Debug|Win32
		{3C395FBA-1B6F-44CC-9F17-49701A6FC89D}.Debug|x86.Build.0 = Debug|Win32
		{3C395FBA-1B6F-44CC-9F17-49701A6FC89D}.Release|x64.ActiveCfg = Release|x64
		{3C395FBA-1B6F-44CC-9F17-49701A6FC89D}.Release|x64.Build.0 = Release|x64
		{3C395FBA-1B6F-44CC-9F17-49701A6FC89D}.Release|x86.ActiveCfg = Release|Win32
		{3C395FBA-1B6F-44CC-9F17-49701A6FC89D}.Release|x86.Build.0 = Release|Win32
		{84E7824D-C72C-4B84-B9CC-C7FC4C9BA461}.Debug|x64.ActiveCfg = Debug|x64
		{84E7824D-C72C-4B84-B9CC-C7FC4C9BA461}.Debug|x64.Build.0 = Debug|x64
		{84E7824D-C72C-4B84-B9CC-C7FC4C9BA461}.Debug|x86.ActiveCfg = Debug|Win32
		{84E7824D-C72C-4B84-B9CC-C7FC4C9BA461}.Debug|x86.Build.0 = Debug|Win32
		{84E7824D-C72C-4B84-B9CC-C7FC4C9BA461}.Release|x64.ActiveCfg = Release|x64
		{84E7824D-C72C-4B84-B9CC-C7FC4C9BA461}.Release|x64.Build.0 = Release|x64
		{84E7824D-C72C-4B84-B9CC-C7FC4C9BA461}.Release|x86.ActiveCfg = Release|Win32
		{84E7824D-C72C-4B84-B9CC-C7FC4C9BA461}.Release|x86.Build.0 = Release|Win32
		{39C4636D-7AC5-45F6-A91F-CD58D136F929}.Debug|x64.ActiveCfg = Debug|x64
		{39C4636D-7AC5-45F6-A91F-CD58D136F929}.Debug|x64.Build.0 = Debug|x64
		{39C4636D-7AC5-45F6-A91F-CD58D136F929}.Debug|x86.ActiveCfg = Debug|Win32
		{39C4636D-7AC5-45F6-A91F-CD58D136F929}.Debug|x86.Build.0 = Debug|Win32
		{39C4636D-7AC5-45F6-A91F-CD58D136F929}.Release|x64.ActiveCfg = Release|x64
		{39C4636D-7AC5-45F6-A91F-CD58D136F929}.Release|x64.Build.0 = Release|x64
		{39C4636D-7AC5-45F6-A91F-CD58D136F929}.Release|x86.ActiveCfg = Release|Win32
		{39C4636D-7AC5-45F6-A91F-CD58D136F929}.Release|x86.Build.0 = Release|Win32
		{7252F3BB-35C8-4593-A613-29B14504583E}.Debug|x64.ActiveCfg = Debug|x64
		{7252F3BB-35C8-4593-A613-29B14504583E}.Debug|x64.Build.0 = Debug|x64
		{7252F3BB-35C8-4593-A613-29B14504583E}.Debug|x86.ActiveCfg = Debug|Win32
		{7252F3BB-35C8-4593-A613-29B14504583E}.Debug|x86.Build.0 = Debug|Win32
		{7252F3BB-35C8-4593-A613-29B14504583E}.Release|x64.ActiveCfg = Release|x64
		{7252F3BB-35C8-4593-A613-29B14504583E}.Release|x64.Build.0 = Release|x64
		{7252F3BB-35C8-4593-A613-29B14504583E}.Release|x86.ActiveCfg = Release|Win32
		{7252F3BB-35C8-4593-A613-29B14504583E}.Release|x86.Build.0 = Release|Win32
		{7D15E06E-2EBF-4D93-A93F-10C0AAC8DC9D}.Debug|x64.ActiveCfg = Debug|x64
		{7D15E06E-2EBF-4D93-A93F-10C0AAC8DC9D}.Debug|x64.Build.0 = Debug|x64
		{7D15E06E-2EBF-4D93-A93F-10C0AAC8DC9D}.Debug|x86.ActiveCfg = Debug|Win32
		{7D15E06E-2EBF-4D93-A93F-10C0AAC8DC9D}.Debug|x86.Build.0 = Debug|Win32
		{7D15E06E-2EBF-4D93-A93F-10C0AAC8DC9D}.Release|x64.ActiveCfg = Release|x64
		{7D15E06E-2EBF-4D93-A93F-10C0AAC8DC9D}.Release|x64.Build.0 = Release|x64
		{7D15E06E-2EBF-4D93-A93F-10C0AAC8DC9D}.Release|x86.ActiveCfg = Release|Win32
		{7D15E06E-2EBF-4D93-A93F-10C0AAC8DC9D}.Release|x86.Build.0 = Release|Win32
		{6927DB71-C91D-4C5F-8727-8182B0D56586}.Debug|x64.ActiveCfg = Debug|x64
		{6927DB71-C91D-4C5F-8727-8182B0D56586}.Debug|x64.Build.0 = Debug|x64
		{6927DB71-C91D-4C5F-8727-8182B0D56586}.Debug|x86.ActiveCfg = Debug|Win32
		{6927DB71-C91D-4C5F-8727-8182B0D56586}.Debug|x86.Build.0 = Debug|Win32
		{6927DB71-C91D-4C5F-8727-8182B0D56586}.Release|x64.ActiveCfg = Release|x64
		{6927DB71-C91D-4C5F-8727-8182B0D56586}.Release|x64.Build.0 = Release|x64
		{6927DB71-C91D-4C5F-8727-8182B0D56586}.Release|x86.ActiveCfg = Release|Win32
		{6927DB71-C91D-4C5F-8727-8182B0D56586}.Release|x86.Build.0 = Release|Win32
		{49F101BC-B10C-4536-933A-D8448115EF07}.Debug|x64.ActiveCfg = Debug|x64
		{49F101BC-B10C-4536-933A-D8448115EF07}.Debug|x64.Build.0 = Debug|x64
		{49F101BC-B10C-4536-933A-D8448115EF07}.Debug|x86.ActiveCfg = Debug|Win32
		{49F101BC-B10C-4536-933A-D8448115EF07}.Debug|x86.Build.0 = Debug|Win32
		{49F101BC-B10C-4536-933A-D8448115EF07}.Release|x64.ActiveCfg = Release|x64
		{49F101BC-B10C-4536-933A-D8448115EF07}.Release|x64.Build.0 = Release|x64
		{49F101BC-B10C-4536-933A-D8448115EF07}.Release|x86.ActiveCfg = Release|Win32
		{49F101BC-B10C-4536-933A-D8448115EF07}.Release|x86.Build.0 = Release|Win32
		{BA2CDDBD-5ABB-42F5-B15A-9BF88E77C4B2}.Debug|x64.ActiveCfg = Debug|x64
		{BA2CDDBD-5ABB-42F5-B15A-9BF88E77C4B2}.Debug|x64.Build.0 = Debug|x64
		{BA2CDDBD-5ABB-42F5-B15A-9BF88E77C4B2}.Debug|x86.ActiveCfg = Debug|Win32
		{BA2CDDBD-5ABB-42F5-B15A-9BF88E77C4B2}.Debug|x86.Build.0 = Debug|Win32
		{BA2CDDBD-5ABB-42F5-B15A-9BF88E77C4B2}.Release|x64.ActiveCfg = Release|x64
		{BA2CDDBD-5ABB-42F5-B15A-9BF88E77C4B2}.Release|x64.Build.0 = Release|x64
		{BA2CDDBD-5ABB-42F5-B15A-9BF88E77C4B2}.Release|x86.ActiveCfg = Release|Win32
		{BA2CDDBD-5ABB-42F5-B15A-9BF88E77C4B2}.Release|x86.Build.0 = Release|Win32
		{C0EF5E55-F9AF-4585-9FF2-54B376BBD1B8}.Debug|x64.ActiveCfg = Debug|x64
		{C0EF5E55-F9AF-4585-9FF2-54B376BBD1B8}.Debug|x64.Build.0 = Debug|x64
		{C0EF5E55-F9AF-4585-9FF2-54B376BBD1B8}.Debug|x86.ActiveCfg = Debug|Win32
		{C0EF5E55-F9AF-4585-9FF2-54B376BBD1B8}.Debug|x86.Build.0 = Debug|Win32
		{C0EF5E55-F9AF-4585-9FF2-54B376BBD1B8}.Release|x64.ActiveCfg = Release|x64
		{C0EF5E55-F9AF-4585-9FF2-54B376BBD1B8}.Release|x64.Build.0 = Release|x64
		{C0EF5E55-F9AF-4585-9FF2-54B376BBD1B8}.Release|x86.ActiveCfg = Release|Win32
		{C0EF5E55-F9AF-4585-9FF2-54B376BBD1B8}.Release|x86.Build.0 = Release|Win32
	EndGlobalSection
	GlobalSection(SolutionProperties) = preSolution
		HideSolutionNode = FALSE
	EndGlobalSection
	GlobalSection(NestedProjects) = preSolution
		{C0EF5E55-F9AF-4585-9FF2-54B376BBD1B8} = {CD5ECBF8-A1A7-4364-BC34-484A8E065A13}
	EndGlobalSection
	GlobalSection(ExtensibilityGlobals) = postSolution
		SolutionGuid = {1CCBF7AC-E4C2-4343-8BFD-57F5FCA99220}
	EndGlobalSection
EndGlobal
